
Microsoft Visual Studio Solution File, Format Version 12.00
# Visual Studio Version 16
VisualStudioVersion = 16.0.30503.244
MinimumVisualStudioVersion = 10.0.40219.1
Project("{888888A0-9F3D-457C-B088-3A5042F75D52}") = "journal", "journal\journal.pyproj", "{4DAC68D7-B8CD-423E-A108-22C499E098AB}"
EndProject
Global
	GlobalSection(SolutionConfigurationPlatforms) = preSolution
		Debug|Any CPU = Debug|Any CPU
		Release|Any CPU = Release|Any CPU
	EndGlobalSection
	GlobalSection(ProjectConfigurationPlatforms) = postSolution
		{4DAC68D7-B8CD-423E-A108-22C499E098AB}.Debug|Any CPU.ActiveCfg = Debug|Any CPU
		{4DAC68D7-B8CD-423E-A108-22C499E098AB}.Release|Any CPU.ActiveCfg = Release|Any CPU
	EndGlobalSection
	GlobalSection(SolutionProperties) = preSolution
		HideSolutionNode = FALSE
	EndGlobalSection
	GlobalSection(ExtensibilityGlobals) = postSolution
		SolutionGuid = {FDE649FF-DF29-4439-875C-2A343B6FB086}
	EndGlobalSection
EndGlobal
